
Microsoft Visual Studio Solution File, Format Version 12.00
# Visual Studio Version 17
VisualStudioVersion = 17.9.34714.143
MinimumVisualStudioVersion = 10.0.40219.1
Project("{8BC9CEB8-8B4A-11D0-8D11-00A0C91BC942}") = "Proyecto 1 Estructuras", "Proyecto 1 Estructuras.vcxproj", "{00541965-6715-42FE-A41F-661F269BBEFA}"
EndProject
Global
	GlobalSection(SolutionConfigurationPlatforms) = preSolution
		Debug|x64 = Debug|x64
		Debug|x86 = Debug|x86
		Release|x64 = Release|x64
		Release|x86 = Release|x86
	EndGlobalSection
	GlobalSection(ProjectConfigurationPlatforms) = postSolution
		{00541965-6715-42FE-A41F-661F269BBEFA}.Debug|x64.ActiveCfg = Debug|x64
		{00541965-6715-42FE-A41F-661F269BBEFA}.Debug|x64.Build.0 = Debug|x64
		{00541965-6715-42FE-A41F-661F269BBEFA}.Debug|x86.ActiveCfg = Debug|Win32
		{00541965-6715-42FE-A41F-661F269BBEFA}.Debug|x86.Build.0 = Debug|Win32
		{00541965-6715-42FE-A41F-661F269BBEFA}.Release|x64.ActiveCfg = Release|x64
		{00541965-6715-42FE-A41F-661F269BBEFA}.Release|x64.Build.0 = Release|x64
		{00541965-6715-42FE-A41F-661F269BBEFA}.Release|x86.ActiveCfg = Release|Win32
		{00541965-6715-42FE-A41F-661F269BBEFA}.Release|x86.Build.0 = Release|Win32
	EndGlobalSection
	GlobalSection(SolutionProperties) = preSolution
		HideSolutionNode = FALSE
	EndGlobalSection
	GlobalSection(ExtensibilityGlobals) = postSolution
		SolutionGuid = {25BC9D82-A367-4037-A4DC-0E630F5953F2}
	EndGlobalSection
EndGlobal
